
Microsoft Visual Studio Solution File, Format Version 12.00
# Visual Studio Version 17
VisualStudioVersion = 17.6.33829.357
MinimumVisualStudioVersion = 10.0.40219.1
Project("{FAE04EC0-301F-11D3-BF4B-00C04F79EFBC}") = "WeatherApp", "WeatherApp\WeatherApp.csproj", "{A489214C-70DE-4AC3-8DF6-90F0CD26E5D7}"
EndProject
Global
	GlobalSection(SolutionConfigurationPlatforms) = preSolution
		Debug|Any CPU = Debug|Any CPU
		Release|Any CPU = Release|Any CPU
	EndGlobalSection
	GlobalSection(ProjectConfigurationPlatforms) = postSolution
		{A489214C-70DE-4AC3-8DF6-90F0CD26E5D7}.Debug|Any CPU.ActiveCfg = Debug|Any CPU
		{A489214C-70DE-4AC3-8DF6-90F0CD26E5D7}.Debug|Any CPU.Build.0 = Debug|Any CPU
		{A489214C-70DE-4AC3-8DF6-90F0CD26E5D7}.Release|Any CPU.ActiveCfg = Release|Any CPU
		{A489214C-70DE-4AC3-8DF6-90F0CD26E5D7}.Release|Any CPU.Build.0 = Release|Any CPU
	EndGlobalSection
	GlobalSection(SolutionProperties) = preSolution
		HideSolutionNode = FALSE
	EndGlobalSection
	GlobalSection(ExtensibilityGlobals) = postSolution
		SolutionGuid = {53E81830-9F98-438E-8C49-B87106629DDB}
	EndGlobalSection
EndGlobal
